// !$*UTF8*$!
{
	archiveVersion = 1;
	classes = {
	};
	objectVersion = 55;
	objects = {

/* Begin PBXBuildFile section */
		7412FACE2788416100AC0977 /* Challenge007.swift in Sources */ = {isa = PBXBuildFile; fileRef = 7412FACD2788416100AC0977 /* Challenge007.swift */; };
		7424F73C279030FF00CD9066 /* Challenge013.swift in Sources */ = {isa = PBXBuildFile; fileRef = 7424F73B279030FF00CD9066 /* Challenge013.swift */; };
		74351009278F9B1C00E5E730 /* Challenge012.swift in Sources */ = {isa = PBXBuildFile; fileRef = 74351008278F9B1C00E5E730 /* Challenge012.swift */; };
		744816262780E9250062B54B /* Challenge001.swift in Sources */ = {isa = PBXBuildFile; fileRef = 744816252780E9250062B54B /* Challenge001.swift */; };
		744816292780E9A70062B54B /* Challenge.swift in Sources */ = {isa = PBXBuildFile; fileRef = 744816282780E9A70062B54B /* Challenge.swift */; };
		7448162F2781A5CF0062B54B /* Challenge002.swift in Sources */ = {isa = PBXBuildFile; fileRef = 7448162E2781A5CF0062B54B /* Challenge002.swift */; };
		7458A97027858ACC009C0EB2 /* Challenge005.swift in Sources */ = {isa = PBXBuildFile; fileRef = 7458A96F27858ACC009C0EB2 /* Challenge005.swift */; };
		746E7A3627839F3400162D22 /* Challenge004.swift in Sources */ = {isa = PBXBuildFile; fileRef = 746E7A3527839F3400162D22 /* Challenge004.swift */; };
		7485A0E4278843E3004832FE /* ChallengeProvider.swift in Sources */ = {isa = PBXBuildFile; fileRef = 7485A0E3278843E3004832FE /* ChallengeProvider.swift */; };
		7488406B2788FDB2005D3DC3 /* Challenge008.swift in Sources */ = {isa = PBXBuildFile; fileRef = 7488406A2788FDB2005D3DC3 /* Challenge008.swift */; };
		748E9DCD279CB18A00E34461 /* Challenge016.swift in Sources */ = {isa = PBXBuildFile; fileRef = 748E9DCC279CB18A00E34461 /* Challenge016.swift */; };
		749600542786F101000A07E7 /* Challenge006.swift in Sources */ = {isa = PBXBuildFile; fileRef = 749600532786F101000A07E7 /* Challenge006.swift */; };
		749ED0E1279209640073F39C /* Challenge014.swift in Sources */ = {isa = PBXBuildFile; fileRef = 749ED0E0279209640073F39C /* Challenge014.swift */; };
		749ED0E327931A650073F39C /* Challenge015.swift in Sources */ = {isa = PBXBuildFile; fileRef = 749ED0E227931A650073F39C /* Challenge015.swift */; };
		749ED0E5279328410073F39C /* Array+Matrix.swift in Sources */ = {isa = PBXBuildFile; fileRef = 749ED0E4279328410073F39C /* Array+Matrix.swift */; };
		74D424DB2780E553007DE05F /* main.swift in Sources */ = {isa = PBXBuildFile; fileRef = 74D424DA2780E553007DE05F /* main.swift */; };
		74D658E42782CC06001D2445 /* Challenge003.swift in Sources */ = {isa = PBXBuildFile; fileRef = 74D658E32782CC06001D2445 /* Challenge003.swift */; };
		74D66814278AE56F00AE7323 /* Challenge009.swift in Sources */ = {isa = PBXBuildFile; fileRef = 74D66813278AE56F00AE7323 /* Challenge009.swift */; };
		74D66816278C66BF00AE7323 /* Challenge010.swift in Sources */ = {isa = PBXBuildFile; fileRef = 74D66815278C66BF00AE7323 /* Challenge010.swift */; };
		74D66818278C693D00AE7323 /* Int+Math.swift in Sources */ = {isa = PBXBuildFile; fileRef = 74D66817278C693D00AE7323 /* Int+Math.swift */; };
		74D6681B278D818800AE7323 /* Challenge011.swift in Sources */ = {isa = PBXBuildFile; fileRef = 74D6681A278D818800AE7323 /* Challenge011.swift */; };
/* End PBXBuildFile section */

/* Begin PBXCopyFilesBuildPhase section */
		74D424D52780E553007DE05F /* CopyFiles */ = {
			isa = PBXCopyFilesBuildPhase;
			buildActionMask = 8;
			dstPath = /usr/share/man/man1;
			dstSubfolderSpec = 0;
			files = (
			);
			runOnlyForDeploymentPostprocessing = 1;
		};
/* End PBXCopyFilesBuildPhase section */

/* Begin PBXFileReference section */
		7412FACD2788416100AC0977 /* Challenge007.swift */ = {isa = PBXFileReference; lastKnownFileType = sourcecode.swift; path = Challenge007.swift; sourceTree = "<group>"; };
		7424F73B279030FF00CD9066 /* Challenge013.swift */ = {isa = PBXFileReference; lastKnownFileType = sourcecode.swift; path = Challenge013.swift; sourceTree = "<group>"; };
		74351008278F9B1C00E5E730 /* Challenge012.swift */ = {isa = PBXFileReference; lastKnownFileType = sourcecode.swift; path = Challenge012.swift; sourceTree = "<group>"; };
		744816252780E9250062B54B /* Challenge001.swift */ = {isa = PBXFileReference; lastKnownFileType = sourcecode.swift; path = Challenge001.swift; sourceTree = "<group>"; };
		744816282780E9A70062B54B /* Challenge.swift */ = {isa = PBXFileReference; lastKnownFileType = sourcecode.swift; path = Challenge.swift; sourceTree = "<group>"; };
		7448162E2781A5CF0062B54B /* Challenge002.swift */ = {isa = PBXFileReference; lastKnownFileType = sourcecode.swift; path = Challenge002.swift; sourceTree = "<group>"; };
		7458A96F27858ACC009C0EB2 /* Challenge005.swift */ = {isa = PBXFileReference; lastKnownFileType = sourcecode.swift; path = Challenge005.swift; sourceTree = "<group>"; };
		746E7A3527839F3400162D22 /* Challenge004.swift */ = {isa = PBXFileReference; lastKnownFileType = sourcecode.swift; path = Challenge004.swift; sourceTree = "<group>"; };
		7485A0E3278843E3004832FE /* ChallengeProvider.swift */ = {isa = PBXFileReference; lastKnownFileType = sourcecode.swift; path = ChallengeProvider.swift; sourceTree = "<group>"; };
		7488406A2788FDB2005D3DC3 /* Challenge008.swift */ = {isa = PBXFileReference; lastKnownFileType = sourcecode.swift; path = Challenge008.swift; sourceTree = "<group>"; };
		748E9DCC279CB18A00E34461 /* Challenge016.swift */ = {isa = PBXFileReference; lastKnownFileType = sourcecode.swift; path = Challenge016.swift; sourceTree = "<group>"; };
		749600532786F101000A07E7 /* Challenge006.swift */ = {isa = PBXFileReference; lastKnownFileType = sourcecode.swift; path = Challenge006.swift; sourceTree = "<group>"; };
		749ED0E0279209640073F39C /* Challenge014.swift */ = {isa = PBXFileReference; lastKnownFileType = sourcecode.swift; path = Challenge014.swift; sourceTree = "<group>"; };
		749ED0E227931A650073F39C /* Challenge015.swift */ = {isa = PBXFileReference; lastKnownFileType = sourcecode.swift; path = Challenge015.swift; sourceTree = "<group>"; };
		749ED0E4279328410073F39C /* Array+Matrix.swift */ = {isa = PBXFileReference; lastKnownFileType = sourcecode.swift; path = "Array+Matrix.swift"; sourceTree = "<group>"; };
		74D424D72780E553007DE05F /* project-euler-swift */ = {isa = PBXFileReference; explicitFileType = "compiled.mach-o.executable"; includeInIndex = 0; path = "project-euler-swift"; sourceTree = BUILT_PRODUCTS_DIR; };
		74D424DA2780E553007DE05F /* main.swift */ = {isa = PBXFileReference; lastKnownFileType = sourcecode.swift; path = main.swift; sourceTree = "<group>"; };
		74D658E32782CC06001D2445 /* Challenge003.swift */ = {isa = PBXFileReference; lastKnownFileType = sourcecode.swift; path = Challenge003.swift; sourceTree = "<group>"; };
		74D66813278AE56F00AE7323 /* Challenge009.swift */ = {isa = PBXFileReference; lastKnownFileType = sourcecode.swift; path = Challenge009.swift; sourceTree = "<group>"; };
		74D66815278C66BF00AE7323 /* Challenge010.swift */ = {isa = PBXFileReference; lastKnownFileType = sourcecode.swift; path = Challenge010.swift; sourceTree = "<group>"; };
		74D66817278C693D00AE7323 /* Int+Math.swift */ = {isa = PBXFileReference; lastKnownFileType = sourcecode.swift; path = "Int+Math.swift"; sourceTree = "<group>"; };
		74D6681A278D818800AE7323 /* Challenge011.swift */ = {isa = PBXFileReference; lastKnownFileType = sourcecode.swift; path = Challenge011.swift; sourceTree = "<group>"; };
/* End PBXFileReference section */

/* Begin PBXFrameworksBuildPhase section */
		74D424D42780E553007DE05F /* Frameworks */ = {
			isa = PBXFrameworksBuildPhase;
			buildActionMask = 2147483647;
			files = (
			);
			runOnlyForDeploymentPostprocessing = 0;
		};
/* End PBXFrameworksBuildPhase section */

/* Begin PBXGroup section */
		744816242780E8DE0062B54B /* solutions */ = {
			isa = PBXGroup;
			children = (
				744816252780E9250062B54B /* Challenge001.swift */,
				7448162E2781A5CF0062B54B /* Challenge002.swift */,
				74D658E32782CC06001D2445 /* Challenge003.swift */,
				746E7A3527839F3400162D22 /* Challenge004.swift */,
				7458A96F27858ACC009C0EB2 /* Challenge005.swift */,
				749600532786F101000A07E7 /* Challenge006.swift */,
				7412FACD2788416100AC0977 /* Challenge007.swift */,
				7488406A2788FDB2005D3DC3 /* Challenge008.swift */,
				74D66813278AE56F00AE7323 /* Challenge009.swift */,
				74D66815278C66BF00AE7323 /* Challenge010.swift */,
				74D6681A278D818800AE7323 /* Challenge011.swift */,
				74351008278F9B1C00E5E730 /* Challenge012.swift */,
				7424F73B279030FF00CD9066 /* Challenge013.swift */,
				749ED0E0279209640073F39C /* Challenge014.swift */,
				749ED0E227931A650073F39C /* Challenge015.swift */,
				748E9DCC279CB18A00E34461 /* Challenge016.swift */,
			);
			path = solutions;
			sourceTree = "<group>";
		};
		744816272780E9940062B54B /* utils */ = {
			isa = PBXGroup;
			children = (
				744816282780E9A70062B54B /* Challenge.swift */,
				7485A0E3278843E3004832FE /* ChallengeProvider.swift */,
			);
			path = utils;
			sourceTree = "<group>";
		};
		74D424CE2780E553007DE05F = {
			isa = PBXGroup;
			children = (
				74D424D92780E553007DE05F /* project-euler-swift */,
				74D424D82780E553007DE05F /* Products */,
			);
			sourceTree = "<group>";
		};
		74D424D82780E553007DE05F /* Products */ = {
			isa = PBXGroup;
			children = (
				74D424D72780E553007DE05F /* project-euler-swift */,
			);
			name = Products;
			sourceTree = "<group>";
		};
		74D424D92780E553007DE05F /* project-euler-swift */ = {
			isa = PBXGroup;
			children = (
				74D424DA2780E553007DE05F /* main.swift */,
				744816242780E8DE0062B54B /* solutions */,
				744816272780E9940062B54B /* utils */,
				74D66819278C6A7300AE7323 /* extensions */,
			);
			path = "project-euler-swift";
			sourceTree = "<group>";
		};
		74D66819278C6A7300AE7323 /* extensions */ = {
			isa = PBXGroup;
			children = (
				74D66817278C693D00AE7323 /* Int+Math.swift */,
				749ED0E4279328410073F39C /* Array+Matrix.swift */,
			);
			path = extensions;
			sourceTree = "<group>";
		};
/* End PBXGroup section */

/* Begin PBXNativeTarget section */
		74D424D62780E553007DE05F /* project-euler-swift */ = {
			isa = PBXNativeTarget;
			buildConfigurationList = 74D424DE2780E553007DE05F /* Build configuration list for PBXNativeTarget "project-euler-swift" */;
			buildPhases = (
				74D424D32780E553007DE05F /* Sources */,
				74D424D42780E553007DE05F /* Frameworks */,
				74D424D52780E553007DE05F /* CopyFiles */,
			);
			buildRules = (
			);
			dependencies = (
			);
			name = "project-euler-swift";
			productName = "project-euler-swift";
			productReference = 74D424D72780E553007DE05F /* project-euler-swift */;
			productType = "com.apple.product-type.tool";
		};
/* End PBXNativeTarget section */

/* Begin PBXProject section */
		74D424CF2780E553007DE05F /* Project object */ = {
			isa = PBXProject;
			attributes = {
				BuildIndependentTargetsInParallel = 1;
				LastSwiftUpdateCheck = 1320;
				LastUpgradeCheck = 1320;
				TargetAttributes = {
					74D424D62780E553007DE05F = {
						CreatedOnToolsVersion = 13.2.1;
					};
				};
			};
			buildConfigurationList = 74D424D22780E553007DE05F /* Build configuration list for PBXProject "project-euler-swift" */;
			compatibilityVersion = "Xcode 13.0";
			developmentRegion = en;
			hasScannedForEncodings = 0;
			knownRegions = (
				en,
				Base,
			);
			mainGroup = 74D424CE2780E553007DE05F;
			productRefGroup = 74D424D82780E553007DE05F /* Products */;
			projectDirPath = "";
			projectRoot = "";
			targets = (
				74D424D62780E553007DE05F /* project-euler-swift */,
			);
		};
/* End PBXProject section */

/* Begin PBXSourcesBuildPhase section */
		74D424D32780E553007DE05F /* Sources */ = {
			isa = PBXSourcesBuildPhase;
			buildActionMask = 2147483647;
			files = (
				74D6681B278D818800AE7323 /* Challenge011.swift in Sources */,
				749ED0E327931A650073F39C /* Challenge015.swift in Sources */,
				74D424DB2780E553007DE05F /* main.swift in Sources */,
				7424F73C279030FF00CD9066 /* Challenge013.swift in Sources */,
				749ED0E5279328410073F39C /* Array+Matrix.swift in Sources */,
				749ED0E1279209640073F39C /* Challenge014.swift in Sources */,
				74D66814278AE56F00AE7323 /* Challenge009.swift in Sources */,
				74351009278F9B1C00E5E730 /* Challenge012.swift in Sources */,
				74D658E42782CC06001D2445 /* Challenge003.swift in Sources */,
				748E9DCD279CB18A00E34461 /* Challenge016.swift in Sources */,
				744816292780E9A70062B54B /* Challenge.swift in Sources */,
				7448162F2781A5CF0062B54B /* Challenge002.swift in Sources */,
				74D66816278C66BF00AE7323 /* Challenge010.swift in Sources */,
				7458A97027858ACC009C0EB2 /* Challenge005.swift in Sources */,
				74D66818278C693D00AE7323 /* Int+Math.swift in Sources */,
				746E7A3627839F3400162D22 /* Challenge004.swift in Sources */,
				749600542786F101000A07E7 /* Challenge006.swift in Sources */,
				7412FACE2788416100AC0977 /* Challenge007.swift in Sources */,
				744816262780E9250062B54B /* Challenge001.swift in Sources */,
				7488406B2788FDB2005D3DC3 /* Challenge008.swift in Sources */,
				7485A0E4278843E3004832FE /* ChallengeProvider.swift in Sources */,
			);
			runOnlyForDeploymentPostprocessing = 0;
		};
/* End PBXSourcesBuildPhase section */

/* Begin XCBuildConfiguration section */
		74D424DC2780E553007DE05F /* Debug */ = {
			isa = XCBuildConfiguration;
			buildSettings = {
				ALWAYS_SEARCH_USER_PATHS = NO;
				CLANG_ANALYZER_NONNULL = YES;
				CLANG_ANALYZER_NUMBER_OBJECT_CONVERSION = YES_AGGRESSIVE;
				CLANG_CXX_LANGUAGE_STANDARD = "gnu++17";
				CLANG_CXX_LIBRARY = "libc++";
				CLANG_ENABLE_MODULES = YES;
				CLANG_ENABLE_OBJC_ARC = YES;
				CLANG_ENABLE_OBJC_WEAK = YES;
				CLANG_WARN_BLOCK_CAPTURE_AUTORELEASING = YES;
				CLANG_WARN_BOOL_CONVERSION = YES;
				CLANG_WARN_COMMA = YES;
				CLANG_WARN_CONSTANT_CONVERSION = YES;
				CLANG_WARN_DEPRECATED_OBJC_IMPLEMENTATIONS = YES;
				CLANG_WARN_DIRECT_OBJC_ISA_USAGE = YES_ERROR;
				CLANG_WARN_DOCUMENTATION_COMMENTS = YES;
				CLANG_WARN_EMPTY_BODY = YES;
				CLANG_WARN_ENUM_CONVERSION = YES;
				CLANG_WARN_INFINITE_RECURSION = YES;
				CLANG_WARN_INT_CONVERSION = YES;
				CLANG_WARN_NON_LITERAL_NULL_CONVERSION = YES;
				CLANG_WARN_OBJC_IMPLICIT_RETAIN_SELF = YES;
				CLANG_WARN_OBJC_LITERAL_CONVERSION = YES;
				CLANG_WARN_OBJC_ROOT_CLASS = YES_ERROR;
				CLANG_WARN_QUOTED_INCLUDE_IN_FRAMEWORK_HEADER = YES;
				CLANG_WARN_RANGE_LOOP_ANALYSIS = YES;
				CLANG_WARN_STRICT_PROTOTYPES = YES;
				CLANG_WARN_SUSPICIOUS_MOVE = YES;
				CLANG_WARN_UNGUARDED_AVAILABILITY = YES_AGGRESSIVE;
				CLANG_WARN_UNREACHABLE_CODE = YES;
				CLANG_WARN__DUPLICATE_METHOD_MATCH = YES;
				COPY_PHASE_STRIP = NO;
				DEBUG_INFORMATION_FORMAT = dwarf;
				ENABLE_STRICT_OBJC_MSGSEND = YES;
				ENABLE_TESTABILITY = YES;
				GCC_C_LANGUAGE_STANDARD = gnu11;
				GCC_DYNAMIC_NO_PIC = NO;
				GCC_NO_COMMON_BLOCKS = YES;
				GCC_OPTIMIZATION_LEVEL = 0;
				GCC_PREPROCESSOR_DEFINITIONS = (
					"DEBUG=1",
					"$(inherited)",
				);
				GCC_WARN_64_TO_32_BIT_CONVERSION = YES;
				GCC_WARN_ABOUT_RETURN_TYPE = YES_ERROR;
				GCC_WARN_UNDECLARED_SELECTOR = YES;
				GCC_WARN_UNINITIALIZED_AUTOS = YES_AGGRESSIVE;
				GCC_WARN_UNUSED_FUNCTION = YES;
				GCC_WARN_UNUSED_VARIABLE = YES;
				MACOSX_DEPLOYMENT_TARGET = 12.1;
				MTL_ENABLE_DEBUG_INFO = INCLUDE_SOURCE;
				MTL_FAST_MATH = YES;
				ONLY_ACTIVE_ARCH = YES;
				SDKROOT = macosx;
				SWIFT_ACTIVE_COMPILATION_CONDITIONS = DEBUG;
				SWIFT_OPTIMIZATION_LEVEL = "-Onone";
			};
			name = Debug;
		};
		74D424DD2780E553007DE05F /* Release */ = {
			isa = XCBuildConfiguration;
			buildSettings = {
				ALWAYS_SEARCH_USER_PATHS = NO;
				CLANG_ANALYZER_NONNULL = YES;
				CLANG_ANALYZER_NUMBER_OBJECT_CONVERSION = YES_AGGRESSIVE;
				CLANG_CXX_LANGUAGE_STANDARD = "gnu++17";
				CLANG_CXX_LIBRARY = "libc++";
				CLANG_ENABLE_MODULES = YES;
				CLANG_ENABLE_OBJC_ARC = YES;
				CLANG_ENABLE_OBJC_WEAK = YES;
				CLANG_WARN_BLOCK_CAPTURE_AUTORELEASING = YES;
				CLANG_WARN_BOOL_CONVERSION = YES;
				CLANG_WARN_COMMA = YES;
				CLANG_WARN_CONSTANT_CONVERSION = YES;
				CLANG_WARN_DEPRECATED_OBJC_IMPLEMENTATIONS = YES;
				CLANG_WARN_DIRECT_OBJC_ISA_USAGE = YES_ERROR;
				CLANG_WARN_DOCUMENTATION_COMMENTS = YES;
				CLANG_WARN_EMPTY_BODY = YES;
				CLANG_WARN_ENUM_CONVERSION = YES;
				CLANG_WARN_INFINITE_RECURSION = YES;
				CLANG_WARN_INT_CONVERSION = YES;
				CLANG_WARN_NON_LITERAL_NULL_CONVERSION = YES;
				CLANG_WARN_OBJC_IMPLICIT_RETAIN_SELF = YES;
				CLANG_WARN_OBJC_LITERAL_CONVERSION = YES;
				CLANG_WARN_OBJC_ROOT_CLASS = YES_ERROR;
				CLANG_WARN_QUOTED_INCLUDE_IN_FRAMEWORK_HEADER = YES;
				CLANG_WARN_RANGE_LOOP_ANALYSIS = YES;
				CLANG_WARN_STRICT_PROTOTYPES = YES;
				CLANG_WARN_SUSPICIOUS_MOVE = YES;
				CLANG_WARN_UNGUARDED_AVAILABILITY = YES_AGGRESSIVE;
				CLANG_WARN_UNREACHABLE_CODE = YES;
				CLANG_WARN__DUPLICATE_METHOD_MATCH = YES;
				COPY_PHASE_STRIP = NO;
				DEBUG_INFORMATION_FORMAT = "dwarf-with-dsym";
				ENABLE_NS_ASSERTIONS = NO;
				ENABLE_STRICT_OBJC_MSGSEND = YES;
				GCC_C_LANGUAGE_STANDARD = gnu11;
				GCC_NO_COMMON_BLOCKS = YES;
				GCC_WARN_64_TO_32_BIT_CONVERSION = YES;
				GCC_WARN_ABOUT_RETURN_TYPE = YES_ERROR;
				GCC_WARN_UNDECLARED_SELECTOR = YES;
				GCC_WARN_UNINITIALIZED_AUTOS = YES_AGGRESSIVE;
				GCC_WARN_UNUSED_FUNCTION = YES;
				GCC_WARN_UNUSED_VARIABLE = YES;
				MACOSX_DEPLOYMENT_TARGET = 12.1;
				MTL_ENABLE_DEBUG_INFO = NO;
				MTL_FAST_MATH = YES;
				SDKROOT = macosx;
				SWIFT_COMPILATION_MODE = wholemodule;
				SWIFT_OPTIMIZATION_LEVEL = "-O";
			};
			name = Release;
		};
		74D424DF2780E553007DE05F /* Debug */ = {
			isa = XCBuildConfiguration;
			buildSettings = {
				CODE_SIGN_STYLE = Automatic;
				PRODUCT_NAME = "$(TARGET_NAME)";
				SWIFT_VERSION = 5.0;
			};
			name = Debug;
		};
		74D424E02780E553007DE05F /* Release */ = {
			isa = XCBuildConfiguration;
			buildSettings = {
				CODE_SIGN_STYLE = Automatic;
				PRODUCT_NAME = "$(TARGET_NAME)";
				SWIFT_VERSION = 5.0;
			};
			name = Release;
		};
/* End XCBuildConfiguration section */

/* Begin XCConfigurationList section */
		74D424D22780E553007DE05F /* Build configuration list for PBXProject "project-euler-swift" */ = {
			isa = XCConfigurationList;
			buildConfigurations = (
				74D424DC2780E553007DE05F /* Debug */,
				74D424DD2780E553007DE05F /* Release */,
			);
			defaultConfigurationIsVisible = 0;
			defaultConfigurationName = Release;
		};
		74D424DE2780E553007DE05F /* Build configuration list for PBXNativeTarget "project-euler-swift" */ = {
			isa = XCConfigurationList;
			buildConfigurations = (
				74D424DF2780E553007DE05F /* Debug */,
				74D424E02780E553007DE05F /* Release */,
			);
			defaultConfigurationIsVisible = 0;
			defaultConfigurationName = Release;
		};
/* End XCConfigurationList section */
	};
	rootObject = 74D424CF2780E553007DE05F /* Project object */;
}
